// !$*UTF8*$!
{
	archiveVersion = 1;
	classes = {
	};
	objectVersion = 46;
	objects = {

/* Begin PBXBuildFile section */
		647ADDA01918C1640020E1BB /* Foundation.framework in Frameworks */ = {isa = PBXBuildFile; fileRef = 647ADD9F1918C1640020E1BB /* Foundation.framework */; };
		647ADDA21918C1640020E1BB /* CoreGraphics.framework in Frameworks */ = {isa = PBXBuildFile; fileRef = 647ADDA11918C1640020E1BB /* CoreGraphics.framework */; };
		647ADDA41918C1640020E1BB /* UIKit.framework in Frameworks */ = {isa = PBXBuildFile; fileRef = 647ADDA31918C1640020E1BB /* UIKit.framework */; };
		647ADDAA1918C1640020E1BB /* InfoPlist.strings in Resources */ = {isa = PBXBuildFile; fileRef = 647ADDA81918C1640020E1BB /* InfoPlist.strings */; };
		647ADDAC1918C1640020E1BB /* main.m in Sources */ = {isa = PBXBuildFile; fileRef = 647ADDAB1918C1640020E1BB /* main.m */; };
		647ADDB01918C1640020E1BB /* AppDelegate.m in Sources */ = {isa = PBXBuildFile; fileRef = 647ADDAF1918C1640020E1BB /* AppDelegate.m */; };
		647ADDB21918C1640020E1BB /* Images.xcassets in Resources */ = {isa = PBXBuildFile; fileRef = 647ADDB11918C1640020E1BB /* Images.xcassets */; };
		647ADDB91918C1640020E1BB /* XCTest.framework in Frameworks */ = {isa = PBXBuildFile; fileRef = 647ADDB81918C1640020E1BB /* XCTest.framework */; };
		647ADDBA1918C1640020E1BB /* Foundation.framework in Frameworks */ = {isa = PBXBuildFile; fileRef = 647ADD9F1918C1640020E1BB /* Foundation.framework */; };
		647ADDBB1918C1640020E1BB /* UIKit.framework in Frameworks */ = {isa = PBXBuildFile; fileRef = 647ADDA31918C1640020E1BB /* UIKit.framework */; };
		647ADDC31918C1640020E1BB /* InfoPlist.strings in Resources */ = {isa = PBXBuildFile; fileRef = 647ADDC11918C1640020E1BB /* InfoPlist.strings */; };
		647ADDC51918C1640020E1BB /* testMAImagePickerController_of_InstaPDFTests.m in Sources */ = {isa = PBXBuildFile; fileRef = 647ADDC41918C1640020E1BB /* testMAImagePickerController_of_InstaPDFTests.m */; };
		647ADDD11918C1940020E1BB /* ViewController.mm in Sources */ = {isa = PBXBuildFile; fileRef = 647ADDCF1918C1940020E1BB /* ViewController.mm */; };
		647ADDD21918C1940020E1BB /* ViewController.xib in Resources */ = {isa = PBXBuildFile; fileRef = 647ADDD01918C1940020E1BB /* ViewController.xib */; };
		647ADDD41918C83B0020E1BB /* opencv2.framework in Frameworks */ = {isa = PBXBuildFile; fileRef = 647ADDD31918C83B0020E1BB /* opencv2.framework */; };
		647ADDD61918D1CE0020E1BB /* CoreImage.framework in Frameworks */ = {isa = PBXBuildFile; fileRef = 647ADDD51918D1CE0020E1BB /* CoreImage.framework */; };
		647ADDD81918D1DC0020E1BB /* QuartzCore.framework in Frameworks */ = {isa = PBXBuildFile; fileRef = 647ADDD71918D1DC0020E1BB /* QuartzCore.framework */; };
		647ADDDA1918D20D0020E1BB /* ImageIO.framework in Frameworks */ = {isa = PBXBuildFile; fileRef = 647ADDD91918D20D0020E1BB /* ImageIO.framework */; };
		647ADDDC1918D2150020E1BB /* AVFoundation.framework in Frameworks */ = {isa = PBXBuildFile; fileRef = 647ADDDB1918D2150020E1BB /* AVFoundation.framework */; };
		647ADDDE1918D2200020E1BB /* MediaPlayer.framework in Frameworks */ = {isa = PBXBuildFile; fileRef = 647ADDDD1918D2200020E1BB /* MediaPlayer.framework */; };
		647ADDE01918D2280020E1BB /* CoreMedia.framework in Frameworks */ = {isa = PBXBuildFile; fileRef = 647ADDDF1918D2280020E1BB /* CoreMedia.framework */; };
		647ADDE21918D2300020E1BB /* CoreVideo.framework in Frameworks */ = {isa = PBXBuildFile; fileRef = 647ADDE11918D2300020E1BB /* CoreVideo.framework */; };
		647ADDE41918D2DA0020E1BB /* AssetsLibrary.framework in Frameworks */ = {isa = PBXBuildFile; fileRef = 647ADDE31918D2DA0020E1BB /* AssetsLibrary.framework */; };
		647ADDE61918D2F50020E1BB /* Accelerate.framework in Frameworks */ = {isa = PBXBuildFile; fileRef = 647ADDE51918D2F50020E1BB /* Accelerate.framework */; };
		647ADDFE1918EB740020E1BB /* MACaptureSession.m in Sources */ = {isa = PBXBuildFile; fileRef = 647ADDED1918EB740020E1BB /* MACaptureSession.m */; };
		647ADDFF1918EB740020E1BB /* MAConstants.m in Sources */ = {isa = PBXBuildFile; fileRef = 647ADDEF1918EB740020E1BB /* MAConstants.m */; };
		647ADE001918EB740020E1BB /* MADrawRect.m in Sources */ = {isa = PBXBuildFile; fileRef = 647ADDF11918EB740020E1BB /* MADrawRect.m */; };
		647ADE011918EB740020E1BB /* MAImagePickerController.m in Sources */ = {isa = PBXBuildFile; fileRef = 647ADDF31918EB740020E1BB /* MAImagePickerController.m */; };
		647ADE021918EB740020E1BB /* MAImagePickerControllerAdjustViewController.mm in Sources */ = {isa = PBXBuildFile; fileRef = 647ADDF51918EB740020E1BB /* MAImagePickerControllerAdjustViewController.mm */; };
		647ADE031918EB740020E1BB /* MAImagePickerFinalViewController.mm in Sources */ = {isa = PBXBuildFile; fileRef = 647ADDF71918EB740020E1BB /* MAImagePickerFinalViewController.mm */; };
		647ADE041918EB740020E1BB /* MAOpenCV.mm in Sources */ = {isa = PBXBuildFile; fileRef = 647ADDF91918EB740020E1BB /* MAOpenCV.mm */; };
		647ADE051918EB740020E1BB /* UIImage+fixOrientation.m in Sources */ = {isa = PBXBuildFile; fileRef = 647ADDFB1918EB740020E1BB /* UIImage+fixOrientation.m */; };
		647ADE061918EB740020E1BB /* UIImageView+ContentFrame.m in Sources */ = {isa = PBXBuildFile; fileRef = 647ADDFD1918EB740020E1BB /* UIImageView+ContentFrame.m */; };
		647ADE351918EEBE0020E1BB /* camera-bottom-bar.png in Resources */ = {isa = PBXBuildFile; fileRef = 647ADE081918EEBD0020E1BB /* camera-bottom-bar.png */; };
		647ADE361918EEBE0020E1BB /* camera-bottom-bar@2x.png in Resources */ = {isa = PBXBuildFile; fileRef = 647ADE091918EEBD0020E1BB /* camera-bottom-bar@2x.png */; };
		647ADE371918EEBE0020E1BB /* camera-button-pressed.png in Resources */ = {isa = PBXBuildFile; fileRef = 647ADE0A1918EEBD0020E1BB /* camera-button-pressed.png */; };
		647ADE381918EEBE0020E1BB /* camera-button-pressed@2x.png in Resources */ = {isa = PBXBuildFile; fileRef = 647ADE0B1918EEBD0020E1BB /* camera-button-pressed@2x.png */; };
		647ADE391918EEBE0020E1BB /* camera-button.png in Resources */ = {isa = PBXBuildFile; fileRef = 647ADE0C1918EEBD0020E1BB /* camera-button.png */; };
		647ADE3A1918EEBE0020E1BB /* camera-button@2x.png in Resources */ = {isa = PBXBuildFile; fileRef = 647ADE0D1918EEBD0020E1BB /* camera-button@2x.png */; };
		647ADE3B1918EEBE0020E1BB /* camera-grid-1136@2x.png in Resources */ = {isa = PBXBuildFile; fileRef = 647ADE0E1918EEBD0020E1BB /* camera-grid-1136@2x.png */; };
		647ADE3C1918EEBE0020E1BB /* camera-grid.png in Resources */ = {isa = PBXBuildFile; fileRef = 647ADE0F1918EEBD0020E1BB /* camera-grid.png */; };
		647ADE3D1918EEBE0020E1BB /* camera-grid@2x.png in Resources */ = {isa = PBXBuildFile; fileRef = 647ADE101918EEBD0020E1BB /* camera-grid@2x.png */; };
		647ADE3E1918EEBE0020E1BB /* close-button.png in Resources */ = {isa = PBXBuildFile; fileRef = 647ADE111918EEBD0020E1BB /* close-button.png */; };
		647ADE3F1918EEBE0020E1BB /* close-button@2x.png in Resources */ = {isa = PBXBuildFile; fileRef = 647ADE121918EEBD0020E1BB /* close-button@2x.png */; };
		647ADE401918EEBE0020E1BB /* confirm-button.png in Resources */ = {isa = PBXBuildFile; fileRef = 647ADE131918EEBD0020E1BB /* confirm-button.png */; };
		647ADE411918EEBE0020E1BB /* confirm-button@2x.png in Resources */ = {isa = PBXBuildFile; fileRef = 647ADE141918EEBD0020E1BB /* confirm-button@2x.png */; };
		647ADE421918EEBE0020E1BB /* crop-button-icon.png in Resources */ = {isa = PBXBuildFile; fileRef = 647ADE151918EEBD0020E1BB /* crop-button-icon.png */; };
		647ADE431918EEBE0020E1BB /* crop-button-icon@2x.png in Resources */ = {isa = PBXBuildFile; fileRef = 647ADE161918EEBD0020E1BB /* crop-button-icon@2x.png */; };
		647ADE441918EEBE0020E1BB /* enhance-button.png in Resources */ = {isa = PBXBuildFile; fileRef = 647ADE171918EEBD0020E1BB /* enhance-button.png */; };
		647ADE451918EEBE0020E1BB /* enhance-button@2x.png in Resources */ = {isa = PBXBuildFile; fileRef = 647ADE181918EEBD0020E1BB /* enhance-button@2x.png */; };
		647ADE461918EEBE0020E1BB /* f-setting-1-active.png in Resources */ = {isa = PBXBuildFile; fileRef = 647ADE191918EEBD0020E1BB /* f-setting-1-active.png */; };
		647ADE471918EEBE0020E1BB /* f-setting-1-active@2x.png in Resources */ = {isa = PBXBuildFile; fileRef = 647ADE1A1918EEBD0020E1BB /* f-setting-1-active@2x.png */; };
		647ADE481918EEBE0020E1BB /* f-setting-1.png in Resources */ = {isa = PBXBuildFile; fileRef = 647ADE1B1918EEBD0020E1BB /* f-setting-1.png */; };
		647ADE491918EEBE0020E1BB /* f-setting-1@2x.png in Resources */ = {isa = PBXBuildFile; fileRef = 647ADE1C1918EEBD0020E1BB /* f-setting-1@2x.png */; };
		647ADE4A1918EEBE0020E1BB /* f-setting-2-active.png in Resources */ = {isa = PBXBuildFile; fileRef = 647ADE1D1918EEBD0020E1BB /* f-setting-2-active.png */; };
		647ADE4B1918EEBE0020E1BB /* f-setting-2-active@2x.png in Resources */ = {isa = PBXBuildFile; fileRef = 647ADE1E1918EEBD0020E1BB /* f-setting-2-active@2x.png */; };
		647ADE4C1918EEBE0020E1BB /* f-setting-2.png in Resources */ = {isa = PBXBuildFile; fileRef = 647ADE1F1918EEBD0020E1BB /* f-setting-2.png */; };
		647ADE4D1918EEBE0020E1BB /* f-setting-2@2x.png in Resources */ = {isa = PBXBuildFile; fileRef = 647ADE201918EEBD0020E1BB /* f-setting-2@2x.png */; };
		647ADE4E1918EEBE0020E1BB /* f-setting-3-active.png in Resources */ = {isa = PBXBuildFile; fileRef = 647ADE211918EEBD0020E1BB /* f-setting-3-active.png */; };
		647ADE4F1918EEBE0020E1BB /* f-setting-3-active@2x.png in Resources */ = {isa = PBXBuildFile; fileRef = 647ADE221918EEBD0020E1BB /* f-setting-3-active@2x.png */; };
		647ADE501918EEBE0020E1BB /* f-setting-3.png in Resources */ = {isa = PBXBuildFile; fileRef = 647ADE231918EEBD0020E1BB /* f-setting-3.png */; };
		647ADE511918EEBE0020E1BB /* f-setting-3@2x.png in Resources */ = {isa = PBXBuildFile; fileRef = 647ADE241918EEBE0020E1BB /* f-setting-3@2x.png */; };
		647ADE521918EEBE0020E1BB /* f-setting-4-active.png in Resources */ = {isa = PBXBuildFile; fileRef = 647ADE251918EEBE0020E1BB /* f-setting-4-active.png */; };
		647ADE531918EEBE0020E1BB /* f-setting-4-active@2x.png in Resources */ = {isa = PBXBuildFile; fileRef = 647ADE261918EEBE0020E1BB /* f-setting-4-active@2x.png */; };
		647ADE541918EEBE0020E1BB /* f-setting-4.png in Resources */ = {isa = PBXBuildFile; fileRef = 647ADE271918EEBE0020E1BB /* f-setting-4.png */; };
		647ADE551918EEBE0020E1BB /* f-setting-4@2x.png in Resources */ = {isa = PBXBuildFile; fileRef = 647ADE281918EEBE0020E1BB /* f-setting-4@2x.png */; };
		647ADE561918EEBE0020E1BB /* f-setting-indicator-active.png in Resources */ = {isa = PBXBuildFile; fileRef = 647ADE291918EEBE0020E1BB /* f-setting-indicator-active.png */; };
		647ADE571918EEBE0020E1BB /* f-setting-indicator-active@2x.png in Resources */ = {isa = PBXBuildFile; fileRef = 647ADE2A1918EEBE0020E1BB /* f-setting-indicator-active@2x.png */; };
		647ADE581918EEBE0020E1BB /* f-setting-rotate.png in Resources */ = {isa = PBXBuildFile; fileRef = 647ADE2B1918EEBE0020E1BB /* f-setting-rotate.png */; };
		647ADE591918EEBE0020E1BB /* f-setting-rotate@2x.png in Resources */ = {isa = PBXBuildFile; fileRef = 647ADE2C1918EEBE0020E1BB /* f-setting-rotate@2x.png */; };
		647ADE5A1918EEBE0020E1BB /* f-setting-tray.png in Resources */ = {isa = PBXBuildFile; fileRef = 647ADE2D1918EEBE0020E1BB /* f-setting-tray.png */; };
		647ADE5B1918EEBE0020E1BB /* f-setting-tray@2x.png in Resources */ = {isa = PBXBuildFile; fileRef = 647ADE2E1918EEBE0020E1BB /* f-setting-tray@2x.png */; };
		647ADE5C1918EEBE0020E1BB /* flash-off-button.png in Resources */ = {isa = PBXBuildFile; fileRef = 647ADE2F1918EEBE0020E1BB /* flash-off-button.png */; };
		647ADE5D1918EEBE0020E1BB /* flash-off-button@2x.png in Resources */ = {isa = PBXBuildFile; fileRef = 647ADE301918EEBE0020E1BB /* flash-off-button@2x.png */; };
		647ADE5E1918EEBE0020E1BB /* flash-on-button.png in Resources */ = {isa = PBXBuildFile; fileRef = 647ADE311918EEBE0020E1BB /* flash-on-button.png */; };
		647ADE5F1918EEBE0020E1BB /* flash-on-button@2x.png in Resources */ = {isa = PBXBuildFile; fileRef = 647ADE321918EEBE0020E1BB /* flash-on-button@2x.png */; };
		647ADE601918EEBE0020E1BB /* toolbar-icon-crop.png in Resources */ = {isa = PBXBuildFile; fileRef = 647ADE331918EEBE0020E1BB /* toolbar-icon-crop.png */; };
		647ADE611918EEBE0020E1BB /* toolbar-icon-crop@2x.png in Resources */ = {isa = PBXBuildFile; fileRef = 647ADE341918EEBE0020E1BB /* toolbar-icon-crop@2x.png */; };
/* End PBXBuildFile section */

/* Begin PBXContainerItemProxy section */
		647ADDBC1918C1640020E1BB /* PBXContainerItemProxy */ = {
			isa = PBXContainerItemProxy;
			containerPortal = 647ADD941918C1640020E1BB /* Project object */;
			proxyType = 1;
			remoteGlobalIDString = 647ADD9B1918C1640020E1BB;
			remoteInfo = "testMAImagePickerController-of-InstaPDF";
		};
/* End PBXContainerItemProxy section */

/* Begin PBXFileReference section */
		647ADD9C1918C1640020E1BB /* testMAImagePickerController-of-InstaPDF.app */ = {isa = PBXFileReference; explicitFileType = wrapper.application; includeInIndex = 0; path = "testMAImagePickerController-of-InstaPDF.app"; sourceTree = BUILT_PRODUCTS_DIR; };
		647ADD9F1918C1640020E1BB /* Foundation.framework */ = {isa = PBXFileReference; lastKnownFileType = wrapper.framework; name = Foundation.framework; path = System/Library/Frameworks/Foundation.framework; sourceTree = SDKROOT; };
		647ADDA11918C1640020E1BB /* CoreGraphics.framework */ = {isa = PBXFileReference; lastKnownFileType = wrapper.framework; name = CoreGraphics.framework; path = System/Library/Frameworks/CoreGraphics.framework; sourceTree = SDKROOT; };
		647ADDA31918C1640020E1BB /* UIKit.framework */ = {isa = PBXFileReference; lastKnownFileType = wrapper.framework; name = UIKit.framework; path = System/Library/Frameworks/UIKit.framework; sourceTree = SDKROOT; };
		647ADDA71918C1640020E1BB /* testMAImagePickerController-of-InstaPDF-Info.plist */ = {isa = PBXFileReference; lastKnownFileType = text.plist.xml; path = "testMAImagePickerController-of-InstaPDF-Info.plist"; sourceTree = "<group>"; };
		647ADDA91918C1640020E1BB /* en */ = {isa = PBXFileReference; lastKnownFileType = text.plist.strings; name = en; path = en.lproj/InfoPlist.strings; sourceTree = "<group>"; };
		647ADDAB1918C1640020E1BB /* main.m */ = {isa = PBXFileReference; lastKnownFileType = sourcecode.c.objc; path = main.m; sourceTree = "<group>"; };
		647ADDAD1918C1640020E1BB /* testMAImagePickerController-of-InstaPDF-Prefix.pch */ = {isa = PBXFileReference; lastKnownFileType = sourcecode.c.h; path = "testMAImagePickerController-of-InstaPDF-Prefix.pch"; sourceTree = "<group>"; };
		647ADDAE1918C1640020E1BB /* AppDelegate.h */ = {isa = PBXFileReference; lastKnownFileType = sourcecode.c.h; path = AppDelegate.h; sourceTree = "<group>"; };
		647ADDAF1918C1640020E1BB /* AppDelegate.m */ = {isa = PBXFileReference; lastKnownFileType = sourcecode.c.objc; path = AppDelegate.m; sourceTree = "<group>"; };
		647ADDB11918C1640020E1BB /* Images.xcassets */ = {isa = PBXFileReference; lastKnownFileType = folder.assetcatalog; path = Images.xcassets; sourceTree = "<group>"; };
		647ADDB71918C1640020E1BB /* testMAImagePickerController-of-InstaPDFTests.xctest */ = {isa = PBXFileReference; explicitFileType = wrapper.cfbundle; includeInIndex = 0; path = "testMAImagePickerController-of-InstaPDFTests.xctest"; sourceTree = BUILT_PRODUCTS_DIR; };
		647ADDB81918C1640020E1BB /* XCTest.framework */ = {isa = PBXFileReference; lastKnownFileType = wrapper.framework; name = XCTest.framework; path = Library/Frameworks/XCTest.framework; sourceTree = DEVELOPER_DIR; };
		647ADDC01918C1640020E1BB /* testMAImagePickerController-of-InstaPDFTests-Info.plist */ = {isa = PBXFileReference; lastKnownFileType = text.plist.xml; path = "testMAImagePickerController-of-InstaPDFTests-Info.plist"; sourceTree = "<group>"; };
		647ADDC21918C1640020E1BB /* en */ = {isa = PBXFileReference; lastKnownFileType = text.plist.strings; name = en; path = en.lproj/InfoPlist.strings; sourceTree = "<group>"; };
		647ADDC41918C1640020E1BB /* testMAImagePickerController_of_InstaPDFTests.m */ = {isa = PBXFileReference; lastKnownFileType = sourcecode.c.objc; path = testMAImagePickerController_of_InstaPDFTests.m; sourceTree = "<group>"; };
		647ADDCE1918C1940020E1BB /* ViewController.h */ = {isa = PBXFileReference; fileEncoding = 4; lastKnownFileType = sourcecode.c.h; path = ViewController.h; sourceTree = "<group>"; };
		647ADDCF1918C1940020E1BB /* ViewController.mm */ = {isa = PBXFileReference; fileEncoding = 4; lastKnownFileType = sourcecode.cpp.objcpp; path = ViewController.mm; sourceTree = "<group>"; };
		647ADDD01918C1940020E1BB /* ViewController.xib */ = {isa = PBXFileReference; fileEncoding = 4; lastKnownFileType = file.xib; path = ViewController.xib; sourceTree = "<group>"; };
		647ADDD31918C83B0020E1BB /* opencv2.framework */ = {isa = PBXFileReference; lastKnownFileType = wrapper.framework; path = opencv2.framework; sourceTree = "<group>"; };
		647ADDD51918D1CE0020E1BB /* CoreImage.framework */ = {isa = PBXFileReference; lastKnownFileType = wrapper.framework; name = CoreImage.framework; path = System/Library/Frameworks/CoreImage.framework; sourceTree = SDKROOT; };
		647ADDD71918D1DC0020E1BB /* QuartzCore.framework */ = {isa = PBXFileReference; lastKnownFileType = wrapper.framework; name = QuartzCore.framework; path = System/Library/Frameworks/QuartzCore.framework; sourceTree = SDKROOT; };
		647ADDD91918D20D0020E1BB /* ImageIO.framework */ = {isa = PBXFileReference; lastKnownFileType = wrapper.framework; name = ImageIO.framework; path = System/Library/Frameworks/ImageIO.framework; sourceTree = SDKROOT; };
		647ADDDB1918D2150020E1BB /* AVFoundation.framework */ = {isa = PBXFileReference; lastKnownFileType = wrapper.framework; name = AVFoundation.framework; path = System/Library/Frameworks/AVFoundation.framework; sourceTree = SDKROOT; };
		647ADDDD1918D2200020E1BB /* MediaPlayer.framework */ = {isa = PBXFileReference; lastKnownFileType = wrapper.framework; name = MediaPlayer.framework; path = System/Library/Frameworks/MediaPlayer.framework; sourceTree = SDKROOT; };
		647ADDDF1918D2280020E1BB /* CoreMedia.framework */ = {isa = PBXFileReference; lastKnownFileType = wrapper.framework; name = CoreMedia.framework; path = System/Library/Frameworks/CoreMedia.framework; sourceTree = SDKROOT; };
		647ADDE11918D2300020E1BB /* CoreVideo.framework */ = {isa = PBXFileReference; lastKnownFileType = wrapper.framework; name = CoreVideo.framework; path = System/Library/Frameworks/CoreVideo.framework; sourceTree = SDKROOT; };
		647ADDE31918D2DA0020E1BB /* AssetsLibrary.framework */ = {isa = PBXFileReference; lastKnownFileType = wrapper.framework; name = AssetsLibrary.framework; path = System/Library/Frameworks/AssetsLibrary.framework; sourceTree = SDKROOT; };
		647ADDE51918D2F50020E1BB /* Accelerate.framework */ = {isa = PBXFileReference; lastKnownFileType = wrapper.framework; name = Accelerate.framework; path = System/Library/Frameworks/Accelerate.framework; sourceTree = SDKROOT; };
		647ADDEC1918EB740020E1BB /* MACaptureSession.h */ = {isa = PBXFileReference; fileEncoding = 4; lastKnownFileType = sourcecode.c.h; path = MACaptureSession.h; sourceTree = "<group>"; };
		647ADDED1918EB740020E1BB /* MACaptureSession.m */ = {isa = PBXFileReference; fileEncoding = 4; lastKnownFileType = sourcecode.c.objc; path = MACaptureSession.m; sourceTree = "<group>"; };
		647ADDEE1918EB740020E1BB /* MAConstants.h */ = {isa = PBXFileReference; fileEncoding = 4; lastKnownFileType = sourcecode.c.h; path = MAConstants.h; sourceTree = "<group>"; };
		647ADDEF1918EB740020E1BB /* MAConstants.m */ = {isa = PBXFileReference; fileEncoding = 4; lastKnownFileType = sourcecode.c.objc; path = MAConstants.m; sourceTree = "<group>"; };
		647ADDF01918EB740020E1BB /* MADrawRect.h */ = {isa = PBXFileReference; fileEncoding = 4; lastKnownFileType = sourcecode.c.h; path = MADrawRect.h; sourceTree = "<group>"; };
		647ADDF11918EB740020E1BB /* MADrawRect.m */ = {isa = PBXFileReference; fileEncoding = 4; lastKnownFileType = sourcecode.c.objc; path = MADrawRect.m; sourceTree = "<group>"; };
		647ADDF21918EB740020E1BB /* MAImagePickerController.h */ = {isa = PBXFileReference; fileEncoding = 4; lastKnownFileType = sourcecode.c.h; path = MAImagePickerController.h; sourceTree = "<group>"; };
		647ADDF31918EB740020E1BB /* MAImagePickerController.m */ = {isa = PBXFileReference; fileEncoding = 4; lastKnownFileType = sourcecode.c.objc; path = MAImagePickerController.m; sourceTree = "<group>"; };
		647ADDF41918EB740020E1BB /* MAImagePickerControllerAdjustViewController.h */ = {isa = PBXFileReference; fileEncoding = 4; lastKnownFileType = sourcecode.c.h; path = MAImagePickerControllerAdjustViewController.h; sourceTree = "<group>"; };
		647ADDF51918EB740020E1BB /* MAImagePickerControllerAdjustViewController.mm */ = {isa = PBXFileReference; fileEncoding = 4; lastKnownFileType = sourcecode.cpp.objcpp; path = MAImagePickerControllerAdjustViewController.mm; sourceTree = "<group>"; };
		647ADDF61918EB740020E1BB /* MAImagePickerFinalViewController.h */ = {isa = PBXFileReference; fileEncoding = 4; lastKnownFileType = sourcecode.c.h; path = MAImagePickerFinalViewController.h; sourceTree = "<group>"; };
		647ADDF71918EB740020E1BB /* MAImagePickerFinalViewController.mm */ = {isa = PBXFileReference; fileEncoding = 4; lastKnownFileType = sourcecode.cpp.objcpp; path = MAImagePickerFinalViewController.mm; sourceTree = "<group>"; };
		647ADDF81918EB740020E1BB /* MAOpenCV.h */ = {isa = PBXFileReference; fileEncoding = 4; lastKnownFileType = sourcecode.c.h; path = MAOpenCV.h; sourceTree = "<group>"; };
		647ADDF91918EB740020E1BB /* MAOpenCV.mm */ = {isa = PBXFileReference; fileEncoding = 4; lastKnownFileType = sourcecode.cpp.objcpp; path = MAOpenCV.mm; sourceTree = "<group>"; };
		647ADDFA1918EB740020E1BB /* UIImage+fixOrientation.h */ = {isa = PBXFileReference; fileEncoding = 4; lastKnownFileType = sourcecode.c.h; path = "UIImage+fixOrientation.h"; sourceTree = "<group>"; };
		647ADDFB1918EB740020E1BB /* UIImage+fixOrientation.m */ = {isa = PBXFileReference; fileEncoding = 4; lastKnownFileType = sourcecode.c.objc; path = "UIImage+fixOrientation.m"; sourceTree = "<group>"; };
		647ADDFC1918EB740020E1BB /* UIImageView+ContentFrame.h */ = {isa = PBXFileReference; fileEncoding = 4; lastKnownFileType = sourcecode.c.h; path = "UIImageView+ContentFrame.h"; sourceTree = "<group>"; };
		647ADDFD1918EB740020E1BB /* UIImageView+ContentFrame.m */ = {isa = PBXFileReference; fileEncoding = 4; lastKnownFileType = sourcecode.c.objc; path = "UIImageView+ContentFrame.m"; sourceTree = "<group>"; };
		647ADE081918EEBD0020E1BB /* camera-bottom-bar.png */ = {isa = PBXFileReference; lastKnownFileType = image.png; path = "camera-bottom-bar.png"; sourceTree = "<group>"; };
		647ADE091918EEBD0020E1BB /* camera-bottom-bar@2x.png */ = {isa = PBXFileReference; lastKnownFileType = image.png; path = "camera-bottom-bar@2x.png"; sourceTree = "<group>"; };
		647ADE0A1918EEBD0020E1BB /* camera-button-pressed.png */ = {isa = PBXFileReference; lastKnownFileType = image.png; path = "camera-button-pressed.png"; sourceTree = "<group>"; };
		647ADE0B1918EEBD0020E1BB /* camera-button-pressed@2x.png */ = {isa = PBXFileReference; lastKnownFileType = image.png; path = "camera-button-pressed@2x.png"; sourceTree = "<group>"; };
		647ADE0C1918EEBD0020E1BB /* camera-button.png */ = {isa = PBXFileReference; lastKnownFileType = image.png; path = "camera-button.png"; sourceTree = "<group>"; };
		647ADE0D1918EEBD0020E1BB /* camera-button@2x.png */ = {isa = PBXFileReference; lastKnownFileType = image.png; path = "camera-button@2x.png"; sourceTree = "<group>"; };
		647ADE0E1918EEBD0020E1BB /* camera-grid-1136@2x.png */ = {isa = PBXFileReference; lastKnownFileType = image.png; path = "camera-grid-1136@2x.png"; sourceTree = "<group>"; };
		647ADE0F1918EEBD0020E1BB /* camera-grid.png */ = {isa = PBXFileReference; lastKnownFileType = image.png; path = "camera-grid.png"; sourceTree = "<group>"; };
		647ADE101918EEBD0020E1BB /* camera-grid@2x.png */ = {isa = PBXFileReference; lastKnownFileType = image.png; path = "camera-grid@2x.png"; sourceTree = "<group>"; };
		647ADE111918EEBD0020E1BB /* close-button.png */ = {isa = PBXFileReference; lastKnownFileType = image.png; path = "close-button.png"; sourceTree = "<group>"; };
		647ADE121918EEBD0020E1BB /* close-button@2x.png */ = {isa = PBXFileReference; lastKnownFileType = image.png; path = "close-button@2x.png"; sourceTree = "<group>"; };
		647ADE131918EEBD0020E1BB /* confirm-button.png */ = {isa = PBXFileReference; lastKnownFileType = image.png; path = "confirm-button.png"; sourceTree = "<group>"; };
		647ADE141918EEBD0020E1BB /* confirm-button@2x.png */ = {isa = PBXFileReference; lastKnownFileType = image.png; path = "confirm-button@2x.png"; sourceTree = "<group>"; };
		647ADE151918EEBD0020E1BB /* crop-button-icon.png */ = {isa = PBXFileReference; lastKnownFileType = image.png; path = "crop-button-icon.png"; sourceTree = "<group>"; };
		647ADE161918EEBD0020E1BB /* crop-button-icon@2x.png */ = {isa = PBXFileReference; lastKnownFileType = image.png; path = "crop-button-icon@2x.png"; sourceTree = "<group>"; };
		647ADE171918EEBD0020E1BB /* enhance-button.png */ = {isa = PBXFileReference; lastKnownFileType = image.png; path = "enhance-button.png"; sourceTree = "<group>"; };
		647ADE181918EEBD0020E1BB /* enhance-button@2x.png */ = {isa = PBXFileReference; lastKnownFileType = image.png; path = "enhance-button@2x.png"; sourceTree = "<group>"; };
		647ADE191918EEBD0020E1BB /* f-setting-1-active.png */ = {isa = PBXFileReference; lastKnownFileType = image.png; path = "f-setting-1-active.png"; sourceTree = "<group>"; };
		647ADE1A1918EEBD0020E1BB /* f-setting-1-active@2x.png */ = {isa = PBXFileReference; lastKnownFileType = image.png; path = "f-setting-1-active@2x.png"; sourceTree = "<group>"; };
		647ADE1B1918EEBD0020E1BB /* f-setting-1.png */ = {isa = PBXFileReference; lastKnownFileType = image.png; path = "f-setting-1.png"; sourceTree = "<group>"; };
		647ADE1C1918EEBD0020E1BB /* f-setting-1@2x.png */ = {isa = PBXFileReference; lastKnownFileType = image.png; path = "f-setting-1@2x.png"; sourceTree = "<group>"; };
		647ADE1D1918EEBD0020E1BB /* f-setting-2-active.png */ = {isa = PBXFileReference; lastKnownFileType = image.png; path = "f-setting-2-active.png"; sourceTree = "<group>"; };
		647ADE1E1918EEBD0020E1BB /* f-setting-2-active@2x.png */ = {isa = PBXFileReference; lastKnownFileType = image.png; path = "f-setting-2-active@2x.png"; sourceTree = "<group>"; };
		647ADE1F1918EEBD0020E1BB /* f-setting-2.png */ = {isa = PBXFileReference; lastKnownFileType = image.png; path = "f-setting-2.png"; sourceTree = "<group>"; };
		647ADE201918EEBD0020E1BB /* f-setting-2@2x.png */ = {isa = PBXFileReference; lastKnownFileType = image.png; path = "f-setting-2@2x.png"; sourceTree = "<group>"; };
		647ADE211918EEBD0020E1BB /* f-setting-3-active.png */ = {isa = PBXFileReference; lastKnownFileType = image.png; path = "f-setting-3-active.png"; sourceTree = "<group>"; };
		647ADE221918EEBD0020E1BB /* f-setting-3-active@2x.png */ = {isa = PBXFileReference; lastKnownFileType = image.png; path = "f-setting-3-active@2x.png"; sourceTree = "<group>"; };
		647ADE231918EEBD0020E1BB /* f-setting-3.png */ = {isa = PBXFileReference; lastKnownFileType = image.png; path = "f-setting-3.png"; sourceTree = "<group>"; };
		647ADE241918EEBE0020E1BB /* f-setting-3@2x.png */ = {isa = PBXFileReference; lastKnownFileType = image.png; path = "f-setting-3@2x.png"; sourceTree = "<group>"; };
		647ADE251918EEBE0020E1BB /* f-setting-4-active.png */ = {isa = PBXFileReference; lastKnownFileType = image.png; path = "f-setting-4-active.png"; sourceTree = "<group>"; };
		647ADE261918EEBE0020E1BB /* f-setting-4-active@2x.png */ = {isa = PBXFileReference; lastKnownFileType = image.png; path = "f-setting-4-active@2x.png"; sourceTree = "<group>"; };
		647ADE271918EEBE0020E1BB /* f-setting-4.png */ = {isa = PBXFileReference; lastKnownFileType = image.png; path = "f-setting-4.png"; sourceTree = "<group>"; };
		647ADE281918EEBE0020E1BB /* f-setting-4@2x.png */ = {isa = PBXFileReference; lastKnownFileType = image.png; path = "f-setting-4@2x.png"; sourceTree = "<group>"; };
		647ADE291918EEBE0020E1BB /* f-setting-indicator-active.png */ = {isa = PBXFileReference; lastKnownFileType = image.png; path = "f-setting-indicator-active.png"; sourceTree = "<group>"; };
		647ADE2A1918EEBE0020E1BB /* f-setting-indicator-active@2x.png */ = {isa = PBXFileReference; lastKnownFileType = image.png; path = "f-setting-indicator-active@2x.png"; sourceTree = "<group>"; };
		647ADE2B1918EEBE0020E1BB /* f-setting-rotate.png */ = {isa = PBXFileReference; lastKnownFileType = image.png; path = "f-setting-rotate.png"; sourceTree = "<group>"; };
		647ADE2C1918EEBE0020E1BB /* f-setting-rotate@2x.png */ = {isa = PBXFileReference; lastKnownFileType = image.png; path = "f-setting-rotate@2x.png"; sourceTree = "<group>"; };
		647ADE2D1918EEBE0020E1BB /* f-setting-tray.png */ = {isa = PBXFileReference; lastKnownFileType = image.png; path = "f-setting-tray.png"; sourceTree = "<group>"; };
		647ADE2E1918EEBE0020E1BB /* f-setting-tray@2x.png */ = {isa = PBXFileReference; lastKnownFileType = image.png; path = "f-setting-tray@2x.png"; sourceTree = "<group>"; };
		647ADE2F1918EEBE0020E1BB /* flash-off-button.png */ = {isa = PBXFileReference; lastKnownFileType = image.png; path = "flash-off-button.png"; sourceTree = "<group>"; };
		647ADE301918EEBE0020E1BB /* flash-off-button@2x.png */ = {isa = PBXFileReference; lastKnownFileType = image.png; path = "flash-off-button@2x.png"; sourceTree = "<group>"; };
		647ADE311918EEBE0020E1BB /* flash-on-button.png */ = {isa = PBXFileReference; lastKnownFileType = image.png; path = "flash-on-button.png"; sourceTree = "<group>"; };
		647ADE321918EEBE0020E1BB /* flash-on-button@2x.png */ = {isa = PBXFileReference; lastKnownFileType = image.png; path = "flash-on-button@2x.png"; sourceTree = "<group>"; };
		647ADE331918EEBE0020E1BB /* toolbar-icon-crop.png */ = {isa = PBXFileReference; lastKnownFileType = image.png; path = "toolbar-icon-crop.png"; sourceTree = "<group>"; };
		647ADE341918EEBE0020E1BB /* toolbar-icon-crop@2x.png */ = {isa = PBXFileReference; lastKnownFileType = image.png; path = "toolbar-icon-crop@2x.png"; sourceTree = "<group>"; };
/* End PBXFileReference section */

/* Begin PBXFrameworksBuildPhase section */
		647ADD991918C1640020E1BB /* Frameworks */ = {
			isa = PBXFrameworksBuildPhase;
			buildActionMask = 2147483647;
			files = (
				647ADDE61918D2F50020E1BB /* Accelerate.framework in Frameworks */,
				647ADDE41918D2DA0020E1BB /* AssetsLibrary.framework in Frameworks */,
				647ADDE21918D2300020E1BB /* CoreVideo.framework in Frameworks */,
				647ADDE01918D2280020E1BB /* CoreMedia.framework in Frameworks */,
				647ADDDE1918D2200020E1BB /* MediaPlayer.framework in Frameworks */,
				647ADDDC1918D2150020E1BB /* AVFoundation.framework in Frameworks */,
				647ADDDA1918D20D0020E1BB /* ImageIO.framework in Frameworks */,
				647ADDD81918D1DC0020E1BB /* QuartzCore.framework in Frameworks */,
				647ADDD61918D1CE0020E1BB /* CoreImage.framework in Frameworks */,
				647ADDA21918C1640020E1BB /* CoreGraphics.framework in Frameworks */,
				647ADDA41918C1640020E1BB /* UIKit.framework in Frameworks */,
				647ADDD41918C83B0020E1BB /* opencv2.framework in Frameworks */,
				647ADDA01918C1640020E1BB /* Foundation.framework in Frameworks */,
			);
			runOnlyForDeploymentPostprocessing = 0;
		};
		647ADDB41918C1640020E1BB /* Frameworks */ = {
			isa = PBXFrameworksBuildPhase;
			buildActionMask = 2147483647;
			files = (
				647ADDB91918C1640020E1BB /* XCTest.framework in Frameworks */,
				647ADDBB1918C1640020E1BB /* UIKit.framework in Frameworks */,
				647ADDBA1918C1640020E1BB /* Foundation.framework in Frameworks */,
			);
			runOnlyForDeploymentPostprocessing = 0;
		};
/* End PBXFrameworksBuildPhase section */

/* Begin PBXGroup section */
		647ADD931918C1640020E1BB = {
			isa = PBXGroup;
			children = (
				647ADDA51918C1640020E1BB /* testMAImagePickerController-of-InstaPDF */,
				647ADDBE1918C1640020E1BB /* testMAImagePickerController-of-InstaPDFTests */,
				647ADD9E1918C1640020E1BB /* Frameworks */,
				647ADD9D1918C1640020E1BB /* Products */,
			);
			sourceTree = "<group>";
		};
		647ADD9D1918C1640020E1BB /* Products */ = {
			isa = PBXGroup;
			children = (
				647ADD9C1918C1640020E1BB /* testMAImagePickerController-of-InstaPDF.app */,
				647ADDB71918C1640020E1BB /* testMAImagePickerController-of-InstaPDFTests.xctest */,
			);
			name = Products;
			sourceTree = "<group>";
		};
		647ADD9E1918C1640020E1BB /* Frameworks */ = {
			isa = PBXGroup;
			children = (
				647ADDEB1918EB740020E1BB /* MAImagePickerController */,
				647ADDE51918D2F50020E1BB /* Accelerate.framework */,
				647ADDE31918D2DA0020E1BB /* AssetsLibrary.framework */,
				647ADDE11918D2300020E1BB /* CoreVideo.framework */,
				647ADDDF1918D2280020E1BB /* CoreMedia.framework */,
				647ADDDD1918D2200020E1BB /* MediaPlayer.framework */,
				647ADDDB1918D2150020E1BB /* AVFoundation.framework */,
				647ADDD91918D20D0020E1BB /* ImageIO.framework */,
				647ADDD71918D1DC0020E1BB /* QuartzCore.framework */,
				647ADDD51918D1CE0020E1BB /* CoreImage.framework */,
				647ADDD31918C83B0020E1BB /* opencv2.framework */,
				647ADD9F1918C1640020E1BB /* Foundation.framework */,
				647ADDA11918C1640020E1BB /* CoreGraphics.framework */,
				647ADDA31918C1640020E1BB /* UIKit.framework */,
				647ADDB81918C1640020E1BB /* XCTest.framework */,
			);
			name = Frameworks;
			sourceTree = "<group>";
		};
		647ADDA51918C1640020E1BB /* testMAImagePickerController-of-InstaPDF */ = {
			isa = PBXGroup;
			children = (
				647ADDAE1918C1640020E1BB /* AppDelegate.h */,
				647ADDAF1918C1640020E1BB /* AppDelegate.m */,
				647ADDB11918C1640020E1BB /* Images.xcassets */,
				647ADDA61918C1640020E1BB /* Supporting Files */,
				647ADDCE1918C1940020E1BB /* ViewController.h */,
				647ADDCF1918C1940020E1BB /* ViewController.mm */,
				647ADDD01918C1940020E1BB /* ViewController.xib */,
			);
			path = "testMAImagePickerController-of-InstaPDF";
			sourceTree = "<group>";
		};
		647ADDA61918C1640020E1BB /* Supporting Files */ = {
			isa = PBXGroup;
			children = (
				647ADDA71918C1640020E1BB /* testMAImagePickerController-of-InstaPDF-Info.plist */,
				647ADDA81918C1640020E1BB /* InfoPlist.strings */,
				647ADDAB1918C1640020E1BB /* main.m */,
				647ADDAD1918C1640020E1BB /* testMAImagePickerController-of-InstaPDF-Prefix.pch */,
			);
			name = "Supporting Files";
			sourceTree = "<group>";
		};
		647ADDBE1918C1640020E1BB /* testMAImagePickerController-of-InstaPDFTests */ = {
			isa = PBXGroup;
			children = (
				647ADDC41918C1640020E1BB /* testMAImagePickerController_of_InstaPDFTests.m */,
				647ADDBF1918C1640020E1BB /* Supporting Files */,
			);
			path = "testMAImagePickerController-of-InstaPDFTests";
			sourceTree = "<group>";
		};
		647ADDBF1918C1640020E1BB /* Supporting Files */ = {
			isa = PBXGroup;
			children = (
				647ADDC01918C1640020E1BB /* testMAImagePickerController-of-InstaPDFTests-Info.plist */,
				647ADDC11918C1640020E1BB /* InfoPlist.strings */,
			);
			name = "Supporting Files";
			sourceTree = "<group>";
		};
		647ADDEB1918EB740020E1BB /* MAImagePickerController */ = {
			isa = PBXGroup;
			children = (
				647ADE071918EEAF0020E1BB /* assets */,
				647ADDEC1918EB740020E1BB /* MACaptureSession.h */,
				647ADDED1918EB740020E1BB /* MACaptureSession.m */,
				647ADDEE1918EB740020E1BB /* MAConstants.h */,
				647ADDEF1918EB740020E1BB /* MAConstants.m */,
				647ADDF01918EB740020E1BB /* MADrawRect.h */,
				647ADDF11918EB740020E1BB /* MADrawRect.m */,
				647ADDF21918EB740020E1BB /* MAImagePickerController.h */,
				647ADDF31918EB740020E1BB /* MAImagePickerController.m */,
				647ADDF41918EB740020E1BB /* MAImagePickerControllerAdjustViewController.h */,
				647ADDF51918EB740020E1BB /* MAImagePickerControllerAdjustViewController.mm */,
				647ADDF61918EB740020E1BB /* MAImagePickerFinalViewController.h */,
				647ADDF71918EB740020E1BB /* MAImagePickerFinalViewController.mm */,
				647ADDF81918EB740020E1BB /* MAOpenCV.h */,
				647ADDF91918EB740020E1BB /* MAOpenCV.mm */,
				647ADDFA1918EB740020E1BB /* UIImage+fixOrientation.h */,
				647ADDFB1918EB740020E1BB /* UIImage+fixOrientation.m */,
				647ADDFC1918EB740020E1BB /* UIImageView+ContentFrame.h */,
				647ADDFD1918EB740020E1BB /* UIImageView+ContentFrame.m */,
			);
			path = MAImagePickerController;
			sourceTree = "<group>";
		};
		647ADE071918EEAF0020E1BB /* assets */ = {
			isa = PBXGroup;
			children = (
				647ADE081918EEBD0020E1BB /* camera-bottom-bar.png */,
				647ADE091918EEBD0020E1BB /* camera-bottom-bar@2x.png */,
				647ADE0A1918EEBD0020E1BB /* camera-button-pressed.png */,
				647ADE0B1918EEBD0020E1BB /* camera-button-pressed@2x.png */,
				647ADE0C1918EEBD0020E1BB /* camera-button.png */,
				647ADE0D1918EEBD0020E1BB /* camera-button@2x.png */,
				647ADE0E1918EEBD0020E1BB /* camera-grid-1136@2x.png */,
				647ADE0F1918EEBD0020E1BB /* camera-grid.png */,
				647ADE101918EEBD0020E1BB /* camera-grid@2x.png */,
				647ADE111918EEBD0020E1BB /* close-button.png */,
				647ADE121918EEBD0020E1BB /* close-button@2x.png */,
				647ADE131918EEBD0020E1BB /* confirm-button.png */,
				647ADE141918EEBD0020E1BB /* confirm-button@2x.png */,
				647ADE151918EEBD0020E1BB /* crop-button-icon.png */,
				647ADE161918EEBD0020E1BB /* crop-button-icon@2x.png */,
				647ADE171918EEBD0020E1BB /* enhance-button.png */,
				647ADE181918EEBD0020E1BB /* enhance-button@2x.png */,
				647ADE191918EEBD0020E1BB /* f-setting-1-active.png */,
				647ADE1A1918EEBD0020E1BB /* f-setting-1-active@2x.png */,
				647ADE1B1918EEBD0020E1BB /* f-setting-1.png */,
				647ADE1C1918EEBD0020E1BB /* f-setting-1@2x.png */,
				647ADE1D1918EEBD0020E1BB /* f-setting-2-active.png */,
				647ADE1E1918EEBD0020E1BB /* f-setting-2-active@2x.png */,
				647ADE1F1918EEBD0020E1BB /* f-setting-2.png */,
				647ADE201918EEBD0020E1BB /* f-setting-2@2x.png */,
				647ADE211918EEBD0020E1BB /* f-setting-3-active.png */,
				647ADE221918EEBD0020E1BB /* f-setting-3-active@2x.png */,
				647ADE231918EEBD0020E1BB /* f-setting-3.png */,
				647ADE241918EEBE0020E1BB /* f-setting-3@2x.png */,
				647ADE251918EEBE0020E1BB /* f-setting-4-active.png */,
				647ADE261918EEBE0020E1BB /* f-setting-4-active@2x.png */,
				647ADE271918EEBE0020E1BB /* f-setting-4.png */,
				647ADE281918EEBE0020E1BB /* f-setting-4@2x.png */,
				647ADE291918EEBE0020E1BB /* f-setting-indicator-active.png */,
				647ADE2A1918EEBE0020E1BB /* f-setting-indicator-active@2x.png */,
				647ADE2B1918EEBE0020E1BB /* f-setting-rotate.png */,
				647ADE2C1918EEBE0020E1BB /* f-setting-rotate@2x.png */,
				647ADE2D1918EEBE0020E1BB /* f-setting-tray.png */,
				647ADE2E1918EEBE0020E1BB /* f-setting-tray@2x.png */,
				647ADE2F1918EEBE0020E1BB /* flash-off-button.png */,
				647ADE301918EEBE0020E1BB /* flash-off-button@2x.png */,
				647ADE311918EEBE0020E1BB /* flash-on-button.png */,
				647ADE321918EEBE0020E1BB /* flash-on-button@2x.png */,
				647ADE331918EEBE0020E1BB /* toolbar-icon-crop.png */,
				647ADE341918EEBE0020E1BB /* toolbar-icon-crop@2x.png */,
			);
			name = assets;
			sourceTree = "<group>";
		};
/* End PBXGroup section */

/* Begin PBXNativeTarget section */
		647ADD9B1918C1640020E1BB /* testMAImagePickerController-of-InstaPDF */ = {
			isa = PBXNativeTarget;
			buildConfigurationList = 647ADDC81918C1640020E1BB /* Build configuration list for PBXNativeTarget "testMAImagePickerController-of-InstaPDF" */;
			buildPhases = (
				647ADD981918C1640020E1BB /* Sources */,
				647ADD991918C1640020E1BB /* Frameworks */,
				647ADD9A1918C1640020E1BB /* Resources */,
			);
			buildRules = (
			);
			dependencies = (
			);
			name = "testMAImagePickerController-of-InstaPDF";
			productName = "testMAImagePickerController-of-InstaPDF";
			productReference = 647ADD9C1918C1640020E1BB /* testMAImagePickerController-of-InstaPDF.app */;
			productType = "com.apple.product-type.application";
		};
		647ADDB61918C1640020E1BB /* testMAImagePickerController-of-InstaPDFTests */ = {
			isa = PBXNativeTarget;
			buildConfigurationList = 647ADDCB1918C1640020E1BB /* Build configuration list for PBXNativeTarget "testMAImagePickerController-of-InstaPDFTests" */;
			buildPhases = (
				647ADDB31918C1640020E1BB /* Sources */,
				647ADDB41918C1640020E1BB /* Frameworks */,
				647ADDB51918C1640020E1BB /* Resources */,
			);
			buildRules = (
			);
			dependencies = (
				647ADDBD1918C1640020E1BB /* PBXTargetDependency */,
			);
			name = "testMAImagePickerController-of-InstaPDFTests";
			productName = "testMAImagePickerController-of-InstaPDFTests";
			productReference = 647ADDB71918C1640020E1BB /* testMAImagePickerController-of-InstaPDFTests.xctest */;
			productType = "com.apple.product-type.bundle.unit-test";
		};
/* End PBXNativeTarget section */

/* Begin PBXProject section */
		647ADD941918C1640020E1BB /* Project object */ = {
			isa = PBXProject;
			attributes = {
				LastUpgradeCheck = 0510;
				ORGANIZATIONNAME = Relifeit;
				TargetAttributes = {
					647ADDB61918C1640020E1BB = {
						TestTargetID = 647ADD9B1918C1640020E1BB;
					};
				};
			};
			buildConfigurationList = 647ADD971918C1640020E1BB /* Build configuration list for PBXProject "testMAImagePickerController-of-InstaPDF" */;
			compatibilityVersion = "Xcode 3.2";
			developmentRegion = English;
			hasScannedForEncodings = 0;
			knownRegions = (
				en,
			);
			mainGroup = 647ADD931918C1640020E1BB;
			productRefGroup = 647ADD9D1918C1640020E1BB /* Products */;
			projectDirPath = "";
			projectRoot = "";
			targets = (
				647ADD9B1918C1640020E1BB /* testMAImagePickerController-of-InstaPDF */,
				647ADDB61918C1640020E1BB /* testMAImagePickerController-of-InstaPDFTests */,
			);
		};
/* End PBXProject section */

/* Begin PBXResourcesBuildPhase section */
		647ADD9A1918C1640020E1BB /* Resources */ = {
			isa = PBXResourcesBuildPhase;
			buildActionMask = 2147483647;
			files = (
				647ADE571918EEBE0020E1BB /* f-setting-indicator-active@2x.png in Resources */,
				647ADE5A1918EEBE0020E1BB /* f-setting-tray.png in Resources */,
				647ADE5E1918EEBE0020E1BB /* flash-on-button.png in Resources */,
				647ADE591918EEBE0020E1BB /* f-setting-rotate@2x.png in Resources */,
				647ADE511918EEBE0020E1BB /* f-setting-3@2x.png in Resources */,
				647ADE551918EEBE0020E1BB /* f-setting-4@2x.png in Resources */,
				647ADE4E1918EEBE0020E1BB /* f-setting-3-active.png in Resources */,
				647ADE3C1918EEBE0020E1BB /* camera-grid.png in Resources */,
				647ADE531918EEBE0020E1BB /* f-setting-4-active@2x.png in Resources */,
				647ADE501918EEBE0020E1BB /* f-setting-3.png in Resources */,
				647ADE451918EEBE0020E1BB /* enhance-button@2x.png in Resources */,
				647ADE431918EEBE0020E1BB /* crop-button-icon@2x.png in Resources */,
				647ADE5F1918EEBE0020E1BB /* flash-on-button@2x.png in Resources */,
				647ADE5D1918EEBE0020E1BB /* flash-off-button@2x.png in Resources */,
				647ADE601918EEBE0020E1BB /* toolbar-icon-crop.png in Resources */,
				647ADDAA1918C1640020E1BB /* InfoPlist.strings in Resources */,
				647ADE4A1918EEBE0020E1BB /* f-setting-2-active.png in Resources */,
				647ADE351918EEBE0020E1BB /* camera-bottom-bar.png in Resources */,
				647ADE581918EEBE0020E1BB /* f-setting-rotate.png in Resources */,
				647ADE481918EEBE0020E1BB /* f-setting-1.png in Resources */,
				647ADE4F1918EEBE0020E1BB /* f-setting-3-active@2x.png in Resources */,
				647ADDD21918C1940020E1BB /* ViewController.xib in Resources */,
				647ADE3A1918EEBE0020E1BB /* camera-button@2x.png in Resources */,
				647ADE3F1918EEBE0020E1BB /* close-button@2x.png in Resources */,
				647ADE371918EEBE0020E1BB /* camera-button-pressed.png in Resources */,
				647ADDB21918C1640020E1BB /* Images.xcassets in Resources */,
				647ADE471918EEBE0020E1BB /* f-setting-1-active@2x.png in Resources */,
				647ADE441918EEBE0020E1BB /* enhance-button.png in Resources */,
				647ADE421918EEBE0020E1BB /* crop-button-icon.png in Resources */,
				647ADE491918EEBE0020E1BB /* f-setting-1@2x.png in Resources */,
				647ADE381918EEBE0020E1BB /* camera-button-pressed@2x.png in Resources */,
				647ADE411918EEBE0020E1BB /* confirm-button@2x.png in Resources */,
				647ADE391918EEBE0020E1BB /* camera-button.png in Resources */,
				647ADE4D1918EEBE0020E1BB /* f-setting-2@2x.png in Resources */,
				647ADE401918EEBE0020E1BB /* confirm-button.png in Resources */,
				647ADE5C1918EEBE0020E1BB /* flash-off-button.png in Resources */,
				647ADE561918EEBE0020E1BB /* f-setting-indicator-active.png in Resources */,
				647ADE5B1918EEBE0020E1BB /* f-setting-tray@2x.png in Resources */,
				647ADE461918EEBE0020E1BB /* f-setting-1-active.png in Resources */,
				647ADE3E1918EEBE0020E1BB /* close-button.png in Resources */,
				647ADE541918EEBE0020E1BB /* f-setting-4.png in Resources */,
				647ADE521918EEBE0020E1BB /* f-setting-4-active.png in Resources */,
				647ADE3B1918EEBE0020E1BB /* camera-grid-1136@2x.png in Resources */,
				647ADE4C1918EEBE0020E1BB /* f-setting-2.png in Resources */,
				647ADE4B1918EEBE0020E1BB /* f-setting-2-active@2x.png in Resources */,
				647ADE361918EEBE0020E1BB /* camera-bottom-bar@2x.png in Resources */,
				647ADE3D1918EEBE0020E1BB /* camera-grid@2x.png in Resources */,
				647ADE611918EEBE0020E1BB /* toolbar-icon-crop@2x.png in Resources */,
			);
			runOnlyForDeploymentPostprocessing = 0;
		};
		647ADDB51918C1640020E1BB /* Resources */ = {
			isa = PBXResourcesBuildPhase;
			buildActionMask = 2147483647;
			files = (
				647ADDC31918C1640020E1BB /* InfoPlist.strings in Resources */,
			);
			runOnlyForDeploymentPostprocessing = 0;
		};
/* End PBXResourcesBuildPhase section */

/* Begin PBXSourcesBuildPhase section */
		647ADD981918C1640020E1BB /* Sources */ = {
			isa = PBXSourcesBuildPhase;
			buildActionMask = 2147483647;
			files = (
				647ADE051918EB740020E1BB /* UIImage+fixOrientation.m in Sources */,
				647ADDD11918C1940020E1BB /* ViewController.mm in Sources */,
				647ADE061918EB740020E1BB /* UIImageView+ContentFrame.m in Sources */,
				647ADE011918EB740020E1BB /* MAImagePickerController.m in Sources */,
				647ADDB01918C1640020E1BB /* AppDelegate.m in Sources */,
				647ADE031918EB740020E1BB /* MAImagePickerFinalViewController.mm in Sources */,
				647ADE021918EB740020E1BB /* MAImagePickerControllerAdjustViewController.mm in Sources */,
				647ADDAC1918C1640020E1BB /* main.m in Sources */,
				647ADDFF1918EB740020E1BB /* MAConstants.m in Sources */,
				647ADDFE1918EB740020E1BB /* MACaptureSession.m in Sources */,
				647ADE041918EB740020E1BB /* MAOpenCV.mm in Sources */,
				647ADE001918EB740020E1BB /* MADrawRect.m in Sources */,
			);
			runOnlyForDeploymentPostprocessing = 0;
		};
		647ADDB31918C1640020E1BB /* Sources */ = {
			isa = PBXSourcesBuildPhase;
			buildActionMask = 2147483647;
			files = (
				647ADDC51918C1640020E1BB /* testMAImagePickerController_of_InstaPDFTests.m in Sources */,
			);
			runOnlyForDeploymentPostprocessing = 0;
		};
/* End PBXSourcesBuildPhase section */

/* Begin PBXTargetDependency section */
		647ADDBD1918C1640020E1BB /* PBXTargetDependency */ = {
			isa = PBXTargetDependency;
			target = 647ADD9B1918C1640020E1BB /* testMAImagePickerController-of-InstaPDF */;
			targetProxy = 647ADDBC1918C1640020E1BB /* PBXContainerItemProxy */;
		};
/* End PBXTargetDependency section */

/* Begin PBXVariantGroup section */
		647ADDA81918C1640020E1BB /* InfoPlist.strings */ = {
			isa = PBXVariantGroup;
			children = (
				647ADDA91918C1640020E1BB /* en */,
			);
			name = InfoPlist.strings;
			sourceTree = "<group>";
		};
		647ADDC11918C1640020E1BB /* InfoPlist.strings */ = {
			isa = PBXVariantGroup;
			children = (
				647ADDC21918C1640020E1BB /* en */,
			);
			name = InfoPlist.strings;
			sourceTree = "<group>";
		};
/* End PBXVariantGroup section */

/* Begin XCBuildConfiguration section */
		647ADDC61918C1640020E1BB /* Debug */ = {
			isa = XCBuildConfiguration;
			buildSettings = {
				ALWAYS_SEARCH_USER_PATHS = NO;
				CLANG_CXX_LANGUAGE_STANDARD = "gnu++0x";
				CLANG_CXX_LIBRARY = "libc++";
				CLANG_ENABLE_MODULES = YES;
				CLANG_ENABLE_OBJC_ARC = YES;
				CLANG_WARN_BOOL_CONVERSION = YES;
				CLANG_WARN_CONSTANT_CONVERSION = YES;
				CLANG_WARN_DIRECT_OBJC_ISA_USAGE = YES_ERROR;
				CLANG_WARN_EMPTY_BODY = YES;
				CLANG_WARN_ENUM_CONVERSION = YES;
				CLANG_WARN_INT_CONVERSION = YES;
				CLANG_WARN_OBJC_ROOT_CLASS = YES_ERROR;
				CLANG_WARN__DUPLICATE_METHOD_MATCH = YES;
				"CODE_SIGN_IDENTITY[sdk=iphoneos*]" = "iPhone Developer";
				COPY_PHASE_STRIP = NO;
				GCC_C_LANGUAGE_STANDARD = gnu99;
				GCC_DYNAMIC_NO_PIC = NO;
				GCC_OPTIMIZATION_LEVEL = 0;
				GCC_PREPROCESSOR_DEFINITIONS = (
					"DEBUG=1",
					"$(inherited)",
				);
				GCC_SYMBOLS_PRIVATE_EXTERN = NO;
				GCC_WARN_64_TO_32_BIT_CONVERSION = YES;
				GCC_WARN_ABOUT_RETURN_TYPE = YES_ERROR;
				GCC_WARN_UNDECLARED_SELECTOR = YES;
				GCC_WARN_UNINITIALIZED_AUTOS = YES_AGGRESSIVE;
				GCC_WARN_UNUSED_FUNCTION = YES;
				GCC_WARN_UNUSED_VARIABLE = YES;
				IPHONEOS_DEPLOYMENT_TARGET = 7.1;
				ONLY_ACTIVE_ARCH = YES;
				SDKROOT = iphoneos;
			};
			name = Debug;
		};
		647ADDC71918C1640020E1BB /* Release */ = {
			isa = XCBuildConfiguration;
			buildSettings = {
				ALWAYS_SEARCH_USER_PATHS = NO;
				CLANG_CXX_LANGUAGE_STANDARD = "gnu++0x";
				CLANG_CXX_LIBRARY = "libc++";
				CLANG_ENABLE_MODULES = YES;
				CLANG_ENABLE_OBJC_ARC = YES;
				CLANG_WARN_BOOL_CONVERSION = YES;
				CLANG_WARN_CONSTANT_CONVERSION = YES;
				CLANG_WARN_DIRECT_OBJC_ISA_USAGE = YES_ERROR;
				CLANG_WARN_EMPTY_BODY = YES;
				CLANG_WARN_ENUM_CONVERSION = YES;
				CLANG_WARN_INT_CONVERSION = YES;
				CLANG_WARN_OBJC_ROOT_CLASS = YES_ERROR;
				CLANG_WARN__DUPLICATE_METHOD_MATCH = YES;
				"CODE_SIGN_IDENTITY[sdk=iphoneos*]" = "iPhone Developer";
				COPY_PHASE_STRIP = YES;
				ENABLE_NS_ASSERTIONS = NO;
				GCC_C_LANGUAGE_STANDARD = gnu99;
				GCC_WARN_64_TO_32_BIT_CONVERSION = YES;
				GCC_WARN_ABOUT_RETURN_TYPE = YES_ERROR;
				GCC_WARN_UNDECLARED_SELECTOR = YES;
				GCC_WARN_UNINITIALIZED_AUTOS = YES_AGGRESSIVE;
				GCC_WARN_UNUSED_FUNCTION = YES;
				GCC_WARN_UNUSED_VARIABLE = YES;
				IPHONEOS_DEPLOYMENT_TARGET = 7.1;
				SDKROOT = iphoneos;
				VALIDATE_PRODUCT = YES;
			};
			name = Release;
		};
		647ADDC91918C1640020E1BB /* Debug */ = {
			isa = XCBuildConfiguration;
			buildSettings = {
				ASSETCATALOG_COMPILER_APPICON_NAME = AppIcon;
				ASSETCATALOG_COMPILER_LAUNCHIMAGE_NAME = LaunchImage;
				FRAMEWORK_SEARCH_PATHS = (
					"$(inherited)",
					"$(PROJECT_DIR)",
				);
				GCC_PRECOMPILE_PREFIX_HEADER = YES;
				GCC_PREFIX_HEADER = "testMAImagePickerController-of-InstaPDF/testMAImagePickerController-of-InstaPDF-Prefix.pch";
				INFOPLIST_FILE = "testMAImagePickerController-of-InstaPDF/testMAImagePickerController-of-InstaPDF-Info.plist";
				PRODUCT_NAME = "$(TARGET_NAME)";
				WRAPPER_EXTENSION = app;
			};
			name = Debug;
		};
		647ADDCA1918C1640020E1BB /* Release */ = {
			isa = XCBuildConfiguration;
			buildSettings = {
				ASSETCATALOG_COMPILER_APPICON_NAME = AppIcon;
				ASSETCATALOG_COMPILER_LAUNCHIMAGE_NAME = LaunchImage;
				FRAMEWORK_SEARCH_PATHS = (
					"$(inherited)",
					"$(PROJECT_DIR)",
				);
				GCC_PRECOMPILE_PREFIX_HEADER = YES;
				GCC_PREFIX_HEADER = "testMAImagePickerController-of-InstaPDF/testMAImagePickerController-of-InstaPDF-Prefix.pch";
				INFOPLIST_FILE = "testMAImagePickerController-of-InstaPDF/testMAImagePickerController-of-InstaPDF-Info.plist";
				PRODUCT_NAME = "$(TARGET_NAME)";
				WRAPPER_EXTENSION = app;
			};
			name = Release;
		};
		647ADDCC1918C1640020E1BB /* Debug */ = {
			isa = XCBuildConfiguration;
			buildSettings = {
				BUNDLE_LOADER = "$(BUILT_PRODUCTS_DIR)/testMAImagePickerController-of-InstaPDF.app/testMAImagePickerController-of-InstaPDF";
				FRAMEWORK_SEARCH_PATHS = (
					"$(SDKROOT)/Developer/Library/Frameworks",
					"$(inherited)",
					"$(DEVELOPER_FRAMEWORKS_DIR)",
				);
				GCC_PRECOMPILE_PREFIX_HEADER = YES;
				GCC_PREFIX_HEADER = "testMAImagePickerController-of-InstaPDF/testMAImagePickerController-of-InstaPDF-Prefix.pch";
				GCC_PREPROCESSOR_DEFINITIONS = (
					"DEBUG=1",
					"$(inherited)",
				);
				INFOPLIST_FILE = "testMAImagePickerController-of-InstaPDFTests/testMAImagePickerController-of-InstaPDFTests-Info.plist";
				PRODUCT_NAME = "$(TARGET_NAME)";
				TEST_HOST = "$(BUNDLE_LOADER)";
				WRAPPER_EXTENSION = xctest;
			};
			name = Debug;
		};
		647ADDCD1918C1640020E1BB /* Release */ = {
			isa = XCBuildConfiguration;
			buildSettings = {
				BUNDLE_LOADER = "$(BUILT_PRODUCTS_DIR)/testMAImagePickerController-of-InstaPDF.app/testMAImagePickerController-of-InstaPDF";
				FRAMEWORK_SEARCH_PATHS = (
					"$(SDKROOT)/Developer/Library/Frameworks",
					"$(inherited)",
					"$(DEVELOPER_FRAMEWORKS_DIR)",
				);
				GCC_PRECOMPILE_PREFIX_HEADER = YES;
				GCC_PREFIX_HEADER = "testMAImagePickerController-of-InstaPDF/testMAImagePickerController-of-InstaPDF-Prefix.pch";
				INFOPLIST_FILE = "testMAImagePickerController-of-InstaPDFTests/testMAImagePickerController-of-InstaPDFTests-Info.plist";
				PRODUCT_NAME = "$(TARGET_NAME)";
				TEST_HOST = "$(BUNDLE_LOADER)";
				WRAPPER_EXTENSION = xctest;
			};
			name = Release;
		};
/* End XCBuildConfiguration section */

/* Begin XCConfigurationList section */
		647ADD971918C1640020E1BB /* Build configuration list for PBXProject "testMAImagePickerController-of-InstaPDF" */ = {
			isa = XCConfigurationList;
			buildConfigurations = (
				647ADDC61918C1640020E1BB /* Debug */,
				647ADDC71918C1640020E1BB /* Release */,
			);
			defaultConfigurationIsVisible = 0;
			defaultConfigurationName = Release;
		};
		647ADDC81918C1640020E1BB /* Build configuration list for PBXNativeTarget "testMAImagePickerController-of-InstaPDF" */ = {
			isa = XCConfigurationList;
			buildConfigurations = (
				647ADDC91918C1640020E1BB /* Debug */,
				647ADDCA1918C1640020E1BB /* Release */,
			);
			defaultConfigurationIsVisible = 0;
		};
		647ADDCB1918C1640020E1BB /* Build configuration list for PBXNativeTarget "testMAImagePickerController-of-InstaPDFTests" */ = {
			isa = XCConfigurationList;
			buildConfigurations = (
				647ADDCC1918C1640020E1BB /* Debug */,
				647ADDCD1918C1640020E1BB /* Release */,
			);
			defaultConfigurationIsVisible = 0;
		};
/* End XCConfigurationList section */
	};
	rootObject = 647ADD941918C1640020E1BB /* Project object */;
}
